
Microsoft Visual Studio Solution File, Format Version 12.00
# Visual Studio Version 16
VisualStudioVersion = 16.0.31729.503
MinimumVisualStudioVersion = 10.0.40219.1
Project("{FAE04EC0-301F-11D3-BF4B-00C04F79EFBC}") = "001_HelloWorld", "001_HelloWorld\001_HelloWorld.csproj", "{3ACB9BE0-6653-42E8-A661-5E6B3BBE8024}"
EndProject
Project("{FAE04EC0-301F-11D3-BF4B-00C04F79EFBC}") = "002_HelloWorld2", "002_HelloWorld2\002_HelloWorld2.csproj", "{8FE5D7AB-62D5-48A4-82F9-D380759E8032}"
EndProject
Project("{FAE04EC0-301F-11D3-BF4B-00C04F79EFBC}") = "003_HolloWolrd3", "003_HolloWolrd3\003_HolloWolrd3.csproj", "{E593AC4F-C8DF-4E7E-978C-242C1B2B6450}"
EndProject
Project("{FAE04EC0-301F-11D3-BF4B-00C04F79EFBC}") = "006_Variable", "006_Variable\006_Variable.csproj", "{9EEB05FD-0A32-40A7-B758-20CC5F7CC48F}"
EndProject
Project("{FAE04EC0-301F-11D3-BF4B-00C04F79EFBC}") = "007_Variable2", "007_Variable2\007_Variable2.csproj", "{00C5CC47-45C1-4655-A020-D2E8DFDB018A}"
EndProject
Project("{FAE04EC0-301F-11D3-BF4B-00C04F79EFBC}") = "008_Data1", "008_Data1\008_Data1.csproj", "{12B495F3-64B1-423F-AF6B-6A0092CF70CB}"
EndProject
Project("{FAE04EC0-301F-11D3-BF4B-00C04F79EFBC}") = "009_Data2", "009_Data2\009_Data2.csproj", "{4C345008-5E22-481A-B577-3646B8CE4DD9}"
EndProject
Project("{FAE04EC0-301F-11D3-BF4B-00C04F79EFBC}") = "010_Data3", "010_Data3\010_Data3.csproj", "{489D446E-21B4-4B35-9345-765975AAE7ED}"
EndProject
Project("{FAE04EC0-301F-11D3-BF4B-00C04F79EFBC}") = "011_Data4", "011_Data4\011_Data4.csproj", "{06191E6E-FB4D-4A40-8ED7-DEBC80B2E807}"
EndProject
Project("{FAE04EC0-301F-11D3-BF4B-00C04F79EFBC}") = "012_Data5", "012_Data5\012_Data5.csproj", "{C0AAF4AD-0316-40FC-87DB-A71BB112E4C4}"
EndProject
Project("{FAE04EC0-301F-11D3-BF4B-00C04F79EFBC}") = "013_Data6", "013_Data6\013_Data6.csproj", "{763A0486-3291-42A5-9668-1DC473778E1F}"
EndProject
Project("{FAE04EC0-301F-11D3-BF4B-00C04F79EFBC}") = "014_Data7", "014_Data7\014_Data7.csproj", "{4ED8C7EF-6726-4FE2-837D-D4496C3A1B61}"
EndProject
Project("{FAE04EC0-301F-11D3-BF4B-00C04F79EFBC}") = "015_Data8", "015_Data8\015_Data8.csproj", "{EE4E5236-F3EF-4352-9AED-6C1ACACC9FF0}"
EndProject
Project("{FAE04EC0-301F-11D3-BF4B-00C04F79EFBC}") = "016_String", "016_String\016_String.csproj", "{DE201AFB-BB4C-457D-A7F8-BECC0767D990}"
EndProject
Project("{FAE04EC0-301F-11D3-BF4B-00C04F79EFBC}") = "017_Data_bool", "017_Data_bool\017_Data_bool.csproj", "{61BE9FE4-7A31-470E-9508-E6FD8E45A08D}"
EndProject
Project("{FAE04EC0-301F-11D3-BF4B-00C04F79EFBC}") = "018_Data_Object", "018_Data_Object\018_Data_Object.csproj", "{CFE7A7E2-48CC-4696-8C93-C141624CDFFC}"
EndProject
Project("{FAE04EC0-301F-11D3-BF4B-00C04F79EFBC}") = "019_Data_enum", "019_Data_enum\019_Data_enum.csproj", "{B9075F8F-5D7E-4A75-8DF6-E4122815E9F0}"
EndProject
Project("{FAE04EC0-301F-11D3-BF4B-00C04F79EFBC}") = "020_Data_enum2", "020_Data_enum2\020_Data_enum2.csproj", "{B0F860CA-404F-4FE7-AF63-67767B23B928}"
EndProject
Project("{FAE04EC0-301F-11D3-BF4B-00C04F79EFBC}") = "021_Data_nullable", "021_Data_nullable\021_Data_nullable.csproj", "{4FE98BF5-ACE7-44A7-8FCA-89EF0454DE9E}"
EndProject
Project("{FAE04EC0-301F-11D3-BF4B-00C04F79EFBC}") = "022_Data_var", "022_Data_var\022_Data_var.csproj", "{E2E99E58-A120-422F-BD6B-A6B4707830D2}"
EndProject
Project("{FAE04EC0-301F-11D3-BF4B-00C04F79EFBC}") = "023_Data_const", "023_Data_const\023_Data_const.csproj", "{B370443D-CDC1-4F1F-AA77-DAA6A05C1302}"
EndProject
Project("{FAE04EC0-301F-11D3-BF4B-00C04F79EFBC}") = "024_Data_cast", "024_Data_cast\024_Data_cast.csproj", "{C8E4AF19-5746-495B-91B3-821E07EEB1B5}"
EndProject
Project("{FAE04EC0-301F-11D3-BF4B-00C04F79EFBC}") = "025_Data_ToString", "025_Data_ToString\025_Data_ToString.csproj", "{310E0B43-6F31-49EA-A8F6-003E98815A0F}"
EndProject
Project("{FAE04EC0-301F-11D3-BF4B-00C04F79EFBC}") = "026_Data_Parse", "026_Data_Parse\026_Data_Parse.csproj", "{9CFC683C-D6D6-4C3A-8F0B-643F3D3C9B4A}"
EndProject
Project("{FAE04EC0-301F-11D3-BF4B-00C04F79EFBC}") = "027_Data_Convert", "027_Data_Convert\027_Data_Convert.csproj", "{417EE49E-273B-41FB-8B45-3E07728B536E}"
EndProject
Project("{FAE04EC0-301F-11D3-BF4B-00C04F79EFBC}") = "028_Data_reference", "028_Data_reference\028_Data_reference.csproj", "{F6635B7F-43C2-42DB-AC05-E96C4FBE89B8}"
EndProject
Project("{FAE04EC0-301F-11D3-BF4B-00C04F79EFBC}") = "029_Data_boxing", "029_Data_boxing\029_Data_boxing.csproj", "{D58D3F18-4FEB-4D53-A824-3E4218FDD01F}"
EndProject
Project("{FAE04EC0-301F-11D3-BF4B-00C04F79EFBC}") = "030_ReadLine", "030_ReadLine\030_ReadLine.csproj", "{F99D39DE-DA43-4FC0-9500-B925BB0705D1}"
EndProject
Project("{FAE04EC0-301F-11D3-BF4B-00C04F79EFBC}") = "031_ReadLine2", "031_ReadLine2\031_ReadLine2.csproj", "{1DEE84FF-BA25-4550-8345-9E3294F75AD8}"
EndProject
Project("{FAE04EC0-301F-11D3-BF4B-00C04F79EFBC}") = "034_Operator1", "034_Operator1\034_Operator1.csproj", "{E1ECE5F1-D7F1-42A7-922E-F5C44D022485}"
EndProject
Project("{FAE04EC0-301F-11D3-BF4B-00C04F79EFBC}") = "035_Operator2", "035_Operator2\035_Operator2.csproj", "{D26DF364-8EBE-47BE-B535-B18B3435211F}"
EndProject
Project("{FAE04EC0-301F-11D3-BF4B-00C04F79EFBC}") = "036_Operator3", "036_Operator3\036_Operator3.csproj", "{1C84292A-3CAF-4C6D-90C4-7FEDB754AA12}"
EndProject
Project("{FAE04EC0-301F-11D3-BF4B-00C04F79EFBC}") = "036_01_Operator3", "036_01_Operator3\036_01_Operator3.csproj", "{84D505E3-0AA6-4FBE-AF94-46117CDE64C8}"
EndProject
Project("{FAE04EC0-301F-11D3-BF4B-00C04F79EFBC}") = "037_Operator4", "037_Operator4\037_Operator4.csproj", "{76454490-8529-47EF-A1FA-EDF7D4A58E8F}"
EndProject
Project("{FAE04EC0-301F-11D3-BF4B-00C04F79EFBC}") = "038_Operator5", "038_Operator5\038_Operator5.csproj", "{9A3EAAAB-3758-47F5-A64A-EB66330A6D05}"
EndProject
Project("{FAE04EC0-301F-11D3-BF4B-00C04F79EFBC}") = "039_Operator6", "039_Operator6\039_Operator6.csproj", "{EDC1FC8B-CD32-4FCB-938B-A000C96E32A2}"
EndProject
Project("{FAE04EC0-301F-11D3-BF4B-00C04F79EFBC}") = "040_Operator_Bit", "040_Operator_Bit\040_Operator_Bit.csproj", "{3C346166-D938-461A-8439-C62A9839FD52}"
EndProject
Project("{FAE04EC0-301F-11D3-BF4B-00C04F79EFBC}") = "041_Operator_null", "041_Operator_null\041_Operator_null.csproj", "{C092778B-4711-4E9C-A77C-826F151285AD}"
EndProject
Project("{FAE04EC0-301F-11D3-BF4B-00C04F79EFBC}") = "042_Operator_Branch", "042_Operator_Branch\042_Operator_Branch.csproj", "{CE2AC1DF-9CEA-406A-AC59-A00530427C34}"
EndProject
Project("{FAE04EC0-301F-11D3-BF4B-00C04F79EFBC}") = "043_Operator_Branch2", "043_Operator_Branch2\043_Operator_Branch2.csproj", "{2ADB4282-358B-42F8-8884-8457E697EF41}"
EndProject
Project("{FAE04EC0-301F-11D3-BF4B-00C04F79EFBC}") = "044_Operator_Branch3", "044_Operator_Branch3\044_Operator_Branch3.csproj", "{28C95C81-A139-4CC3-819A-CE41160D7916}"
EndProject
Project("{FAE04EC0-301F-11D3-BF4B-00C04F79EFBC}") = "045_Operator_switch", "045_Operator_switch\045_Operator_switch.csproj", "{D863D5AD-67C9-483A-A9B8-5CA9F9DBA70E}"
EndProject
Project("{FAE04EC0-301F-11D3-BF4B-00C04F79EFBC}") = "046_Operator_switch", "046_Operator_switch\046_Operator_switch.csproj", "{D362F524-F2D3-48CA-B919-AADBE8A9DB80}"
EndProject
Project("{FAE04EC0-301F-11D3-BF4B-00C04F79EFBC}") = "047_Operator_while", "047_Operator_while\047_Operator_while.csproj", "{D20EF039-827D-488B-A7BF-B52FBB1BA3CF}"
EndProject
Project("{FAE04EC0-301F-11D3-BF4B-00C04F79EFBC}") = "048_Operator_do_while", "048_Operator_do_while\048_Operator_do_while.csproj", "{31A68E51-3CF0-468B-8E75-D842BFA92EFE}"
EndProject
Project("{FAE04EC0-301F-11D3-BF4B-00C04F79EFBC}") = "049_Operator_for", "049_Operator_for\049_Operator_for.csproj", "{281483D1-2ED7-4F41-BF52-397F87DB8FB4}"
EndProject
Project("{FAE04EC0-301F-11D3-BF4B-00C04F79EFBC}") = "058_Func1", "058_Func1\058_Func1.csproj", "{34C6B466-80F5-4B50-9504-04A9F2E51309}"
EndProject
Project("{FAE04EC0-301F-11D3-BF4B-00C04F79EFBC}") = "059_Func2", "059_Func2\059_Func2.csproj", "{0D037A99-1C1D-4084-A2AB-092E15DC12CA}"
EndProject
Project("{FAE04EC0-301F-11D3-BF4B-00C04F79EFBC}") = "060_Func3", "060_Func3\060_Func3.csproj", "{6DF54F9E-D38A-4B33-9248-0FBD387338CD}"
EndProject
Project("{FAE04EC0-301F-11D3-BF4B-00C04F79EFBC}") = "061_Func4", "061_Func4\061_Func4.csproj", "{69A2684E-7B1C-4033-B17E-776F5C941AC2}"
EndProject
Project("{FAE04EC0-301F-11D3-BF4B-00C04F79EFBC}") = "062_FuncSwap", "062_FuncSwap\062_FuncSwap.csproj", "{BF4618AD-388E-4833-80F3-E1F2FD73842C}"
EndProject
Project("{FAE04EC0-301F-11D3-BF4B-00C04F79EFBC}") = "063_Func_out", "063_Func_out\063_Func_out.csproj", "{54285ED8-0D9C-4BDB-94CA-1AA341E17C6D}"
EndProject
Project("{FAE04EC0-301F-11D3-BF4B-00C04F79EFBC}") = "064_Func_default", "064_Func_default\064_Func_default.csproj", "{5537C329-BA02-4A26-BD93-1EBA37EDC318}"
EndProject
Project("{FAE04EC0-301F-11D3-BF4B-00C04F79EFBC}") = "065_Func_Overloading", "065_Func_Overloading\065_Func_Overloading.csproj", "{958EA47A-EC4F-45F0-9502-59E003C355AE}"
EndProject
Project("{FAE04EC0-301F-11D3-BF4B-00C04F79EFBC}") = "066_Func_params", "066_Func_params\066_Func_params.csproj", "{55BE6E9E-E9CC-4CFF-A67B-0AEEBA0980B9}"
EndProject
Global
	GlobalSection(SolutionConfigurationPlatforms) = preSolution
		Debug|Any CPU = Debug|Any CPU
		Release|Any CPU = Release|Any CPU
	EndGlobalSection
	GlobalSection(ProjectConfigurationPlatforms) = postSolution
		{3ACB9BE0-6653-42E8-A661-5E6B3BBE8024}.Debug|Any CPU.ActiveCfg = Debug|Any CPU
		{3ACB9BE0-6653-42E8-A661-5E6B3BBE8024}.Debug|Any CPU.Build.0 = Debug|Any CPU
		{3ACB9BE0-6653-42E8-A661-5E6B3BBE8024}.Release|Any CPU.ActiveCfg = Release|Any CPU
		{3ACB9BE0-6653-42E8-A661-5E6B3BBE8024}.Release|Any CPU.Build.0 = Release|Any CPU
		{8FE5D7AB-62D5-48A4-82F9-D380759E8032}.Debug|Any CPU.ActiveCfg = Debug|Any CPU
		{8FE5D7AB-62D5-48A4-82F9-D380759E8032}.Debug|Any CPU.Build.0 = Debug|Any CPU
		{8FE5D7AB-62D5-48A4-82F9-D380759E8032}.Release|Any CPU.ActiveCfg = Release|Any CPU
		{8FE5D7AB-62D5-48A4-82F9-D380759E8032}.Release|Any CPU.Build.0 = Release|Any CPU
		{E593AC4F-C8DF-4E7E-978C-242C1B2B6450}.Debug|Any CPU.ActiveCfg = Debug|Any CPU
		{E593AC4F-C8DF-4E7E-978C-242C1B2B6450}.Debug|Any CPU.Build.0 = Debug|Any CPU
		{E593AC4F-C8DF-4E7E-978C-242C1B2B6450}.Release|Any CPU.ActiveCfg = Release|Any CPU
		{E593AC4F-C8DF-4E7E-978C-242C1B2B6450}.Release|Any CPU.Build.0 = Release|Any CPU
		{9EEB05FD-0A32-40A7-B758-20CC5F7CC48F}.Debug|Any CPU.ActiveCfg = Debug|Any CPU
		{9EEB05FD-0A32-40A7-B758-20CC5F7CC48F}.Debug|Any CPU.Build.0 = Debug|Any CPU
		{9EEB05FD-0A32-40A7-B758-20CC5F7CC48F}.Release|Any CPU.ActiveCfg = Release|Any CPU
		{9EEB05FD-0A32-40A7-B758-20CC5F7CC48F}.Release|Any CPU.Build.0 = Release|Any CPU
		{00C5CC47-45C1-4655-A020-D2E8DFDB018A}.Debug|Any CPU.ActiveCfg = Debug|Any CPU
		{00C5CC47-45C1-4655-A020-D2E8DFDB018A}.Debug|Any CPU.Build.0 = Debug|Any CPU
		{00C5CC47-45C1-4655-A020-D2E8DFDB018A}.Release|Any CPU.ActiveCfg = Release|Any CPU
		{00C5CC47-45C1-4655-A020-D2E8DFDB018A}.Release|Any CPU.Build.0 = Release|Any CPU
		{12B495F3-64B1-423F-AF6B-6A0092CF70CB}.Debug|Any CPU.ActiveCfg = Debug|Any CPU
		{12B495F3-64B1-423F-AF6B-6A0092CF70CB}.Debug|Any CPU.Build.0 = Debug|Any CPU
		{12B495F3-64B1-423F-AF6B-6A0092CF70CB}.Release|Any CPU.ActiveCfg = Release|Any CPU
		{12B495F3-64B1-423F-AF6B-6A0092CF70CB}.Release|Any CPU.Build.0 = Release|Any CPU
		{4C345008-5E22-481A-B577-3646B8CE4DD9}.Debug|Any CPU.ActiveCfg = Debug|Any CPU
		{4C345008-5E22-481A-B577-3646B8CE4DD9}.Debug|Any CPU.Build.0 = Debug|Any CPU
		{4C345008-5E22-481A-B577-3646B8CE4DD9}.Release|Any CPU.ActiveCfg = Release|Any CPU
		{4C345008-5E22-481A-B577-3646B8CE4DD9}.Release|Any CPU.Build.0 = Release|Any CPU
		{489D446E-21B4-4B35-9345-765975AAE7ED}.Debug|Any CPU.ActiveCfg = Debug|Any CPU
		{489D446E-21B4-4B35-9345-765975AAE7ED}.Debug|Any CPU.Build.0 = Debug|Any CPU
		{489D446E-21B4-4B35-9345-765975AAE7ED}.Release|Any CPU.ActiveCfg = Release|Any CPU
		{489D446E-21B4-4B35-9345-765975AAE7ED}.Release|Any CPU.Build.0 = Release|Any CPU
		{06191E6E-FB4D-4A40-8ED7-DEBC80B2E807}.Debug|Any CPU.ActiveCfg = Debug|Any CPU
		{06191E6E-FB4D-4A40-8ED7-DEBC80B2E807}.Debug|Any CPU.Build.0 = Debug|Any CPU
		{06191E6E-FB4D-4A40-8ED7-DEBC80B2E807}.Release|Any CPU.ActiveCfg = Release|Any CPU
		{06191E6E-FB4D-4A40-8ED7-DEBC80B2E807}.Release|Any CPU.Build.0 = Release|Any CPU
		{C0AAF4AD-0316-40FC-87DB-A71BB112E4C4}.Debug|Any CPU.ActiveCfg = Debug|Any CPU
		{C0AAF4AD-0316-40FC-87DB-A71BB112E4C4}.Debug|Any CPU.Build.0 = Debug|Any CPU
		{C0AAF4AD-0316-40FC-87DB-A71BB112E4C4}.Release|Any CPU.ActiveCfg = Release|Any CPU
		{C0AAF4AD-0316-40FC-87DB-A71BB112E4C4}.Release|Any CPU.Build.0 = Release|Any CPU
		{763A0486-3291-42A5-9668-1DC473778E1F}.Debug|Any CPU.ActiveCfg = Debug|Any CPU
		{763A0486-3291-42A5-9668-1DC473778E1F}.Debug|Any CPU.Build.0 = Debug|Any CPU
		{763A0486-3291-42A5-9668-1DC473778E1F}.Release|Any CPU.ActiveCfg = Release|Any CPU
		{763A0486-3291-42A5-9668-1DC473778E1F}.Release|Any CPU.Build.0 = Release|Any CPU
		{4ED8C7EF-6726-4FE2-837D-D4496C3A1B61}.Debug|Any CPU.ActiveCfg = Debug|Any CPU
		{4ED8C7EF-6726-4FE2-837D-D4496C3A1B61}.Debug|Any CPU.Build.0 = Debug|Any CPU
		{4ED8C7EF-6726-4FE2-837D-D4496C3A1B61}.Release|Any CPU.ActiveCfg = Release|Any CPU
		{4ED8C7EF-6726-4FE2-837D-D4496C3A1B61}.Release|Any CPU.Build.0 = Release|Any CPU
		{EE4E5236-F3EF-4352-9AED-6C1ACACC9FF0}.Debug|Any CPU.ActiveCfg = Debug|Any CPU
		{EE4E5236-F3EF-4352-9AED-6C1ACACC9FF0}.Debug|Any CPU.Build.0 = Debug|Any CPU
		{EE4E5236-F3EF-4352-9AED-6C1ACACC9FF0}.Release|Any CPU.ActiveCfg = Release|Any CPU
		{EE4E5236-F3EF-4352-9AED-6C1ACACC9FF0}.Release|Any CPU.Build.0 = Release|Any CPU
		{DE201AFB-BB4C-457D-A7F8-BECC0767D990}.Debug|Any CPU.ActiveCfg = Debug|Any CPU
		{DE201AFB-BB4C-457D-A7F8-BECC0767D990}.Debug|Any CPU.Build.0 = Debug|Any CPU
		{DE201AFB-BB4C-457D-A7F8-BECC0767D990}.Release|Any CPU.ActiveCfg = Release|Any CPU
		{DE201AFB-BB4C-457D-A7F8-BECC0767D990}.Release|Any CPU.Build.0 = Release|Any CPU
		{61BE9FE4-7A31-470E-9508-E6FD8E45A08D}.Debug|Any CPU.ActiveCfg = Debug|Any CPU
		{61BE9FE4-7A31-470E-9508-E6FD8E45A08D}.Debug|Any CPU.Build.0 = Debug|Any CPU
		{61BE9FE4-7A31-470E-9508-E6FD8E45A08D}.Release|Any CPU.ActiveCfg = Release|Any CPU
		{61BE9FE4-7A31-470E-9508-E6FD8E45A08D}.Release|Any CPU.Build.0 = Release|Any CPU
		{CFE7A7E2-48CC-4696-8C93-C141624CDFFC}.Debug|Any CPU.ActiveCfg = Debug|Any CPU
		{CFE7A7E2-48CC-4696-8C93-C141624CDFFC}.Debug|Any CPU.Build.0 = Debug|Any CPU
		{CFE7A7E2-48CC-4696-8C93-C141624CDFFC}.Release|Any CPU.ActiveCfg = Release|Any CPU
		{CFE7A7E2-48CC-4696-8C93-C141624CDFFC}.Release|Any CPU.Build.0 = Release|Any CPU
		{B9075F8F-5D7E-4A75-8DF6-E4122815E9F0}.Debug|Any CPU.ActiveCfg = Debug|Any CPU
		{B9075F8F-5D7E-4A75-8DF6-E4122815E9F0}.Debug|Any CPU.Build.0 = Debug|Any CPU
		{B9075F8F-5D7E-4A75-8DF6-E4122815E9F0}.Release|Any CPU.ActiveCfg = Release|Any CPU
		{B9075F8F-5D7E-4A75-8DF6-E4122815E9F0}.Release|Any CPU.Build.0 = Release|Any CPU
		{B0F860CA-404F-4FE7-AF63-67767B23B928}.Debug|Any CPU.ActiveCfg = Debug|Any CPU
		{B0F860CA-404F-4FE7-AF63-67767B23B928}.Debug|Any CPU.Build.0 = Debug|Any CPU
		{B0F860CA-404F-4FE7-AF63-67767B23B928}.Release|Any CPU.ActiveCfg = Release|Any CPU
		{B0F860CA-404F-4FE7-AF63-67767B23B928}.Release|Any CPU.Build.0 = Release|Any CPU
		{4FE98BF5-ACE7-44A7-8FCA-89EF0454DE9E}.Debug|Any CPU.ActiveCfg = Debug|Any CPU
		{4FE98BF5-ACE7-44A7-8FCA-89EF0454DE9E}.Debug|Any CPU.Build.0 = Debug|Any CPU
		{4FE98BF5-ACE7-44A7-8FCA-89EF0454DE9E}.Release|Any CPU.ActiveCfg = Release|Any CPU
		{4FE98BF5-ACE7-44A7-8FCA-89EF0454DE9E}.Release|Any CPU.Build.0 = Release|Any CPU
		{E2E99E58-A120-422F-BD6B-A6B4707830D2}.Debug|Any CPU.ActiveCfg = Debug|Any CPU
		{E2E99E58-A120-422F-BD6B-A6B4707830D2}.Debug|Any CPU.Build.0 = Debug|Any CPU
		{E2E99E58-A120-422F-BD6B-A6B4707830D2}.Release|Any CPU.ActiveCfg = Release|Any CPU
		{E2E99E58-A120-422F-BD6B-A6B4707830D2}.Release|Any CPU.Build.0 = Release|Any CPU
		{B370443D-CDC1-4F1F-AA77-DAA6A05C1302}.Debug|Any CPU.ActiveCfg = Debug|Any CPU
		{B370443D-CDC1-4F1F-AA77-DAA6A05C1302}.Debug|Any CPU.Build.0 = Debug|Any CPU
		{B370443D-CDC1-4F1F-AA77-DAA6A05C1302}.Release|Any CPU.ActiveCfg = Release|Any CPU
		{B370443D-CDC1-4F1F-AA77-DAA6A05C1302}.Release|Any CPU.Build.0 = Release|Any CPU
		{C8E4AF19-5746-495B-91B3-821E07EEB1B5}.Debug|Any CPU.ActiveCfg = Debug|Any CPU
		{C8E4AF19-5746-495B-91B3-821E07EEB1B5}.Debug|Any CPU.Build.0 = Debug|Any CPU
		{C8E4AF19-5746-495B-91B3-821E07EEB1B5}.Release|Any CPU.ActiveCfg = Release|Any CPU
		{C8E4AF19-5746-495B-91B3-821E07EEB1B5}.Release|Any CPU.Build.0 = Release|Any CPU
		{310E0B43-6F31-49EA-A8F6-003E98815A0F}.Debug|Any CPU.ActiveCfg = Debug|Any CPU
		{310E0B43-6F31-49EA-A8F6-003E98815A0F}.Debug|Any CPU.Build.0 = Debug|Any CPU
		{310E0B43-6F31-49EA-A8F6-003E98815A0F}.Release|Any CPU.ActiveCfg = Release|Any CPU
		{310E0B43-6F31-49EA-A8F6-003E98815A0F}.Release|Any CPU.Build.0 = Release|Any CPU
		{9CFC683C-D6D6-4C3A-8F0B-643F3D3C9B4A}.Debug|Any CPU.ActiveCfg = Debug|Any CPU
		{9CFC683C-D6D6-4C3A-8F0B-643F3D3C9B4A}.Debug|Any CPU.Build.0 = Debug|Any CPU
		{9CFC683C-D6D6-4C3A-8F0B-643F3D3C9B4A}.Release|Any CPU.ActiveCfg = Release|Any CPU
		{9CFC683C-D6D6-4C3A-8F0B-643F3D3C9B4A}.Release|Any CPU.Build.0 = Release|Any CPU
		{417EE49E-273B-41FB-8B45-3E07728B536E}.Debug|Any CPU.ActiveCfg = Debug|Any CPU
		{417EE49E-273B-41FB-8B45-3E07728B536E}.Debug|Any CPU.Build.0 = Debug|Any CPU
		{417EE49E-273B-41FB-8B45-3E07728B536E}.Release|Any CPU.ActiveCfg = Release|Any CPU
		{417EE49E-273B-41FB-8B45-3E07728B536E}.Release|Any CPU.Build.0 = Release|Any CPU
		{F6635B7F-43C2-42DB-AC05-E96C4FBE89B8}.Debug|Any CPU.ActiveCfg = Debug|Any CPU
		{F6635B7F-43C2-42DB-AC05-E96C4FBE89B8}.Debug|Any CPU.Build.0 = Debug|Any CPU
		{F6635B7F-43C2-42DB-AC05-E96C4FBE89B8}.Release|Any CPU.ActiveCfg = Release|Any CPU
		{F6635B7F-43C2-42DB-AC05-E96C4FBE89B8}.Release|Any CPU.Build.0 = Release|Any CPU
		{D58D3F18-4FEB-4D53-A824-3E4218FDD01F}.Debug|Any CPU.ActiveCfg = Debug|Any CPU
		{D58D3F18-4FEB-4D53-A824-3E4218FDD01F}.Debug|Any CPU.Build.0 = Debug|Any CPU
		{D58D3F18-4FEB-4D53-A824-3E4218FDD01F}.Release|Any CPU.ActiveCfg = Release|Any CPU
		{D58D3F18-4FEB-4D53-A824-3E4218FDD01F}.Release|Any CPU.Build.0 = Release|Any CPU
		{F99D39DE-DA43-4FC0-9500-B925BB0705D1}.Debug|Any CPU.ActiveCfg = Debug|Any CPU
		{F99D39DE-DA43-4FC0-9500-B925BB0705D1}.Debug|Any CPU.Build.0 = Debug|Any CPU
		{F99D39DE-DA43-4FC0-9500-B925BB0705D1}.Release|Any CPU.ActiveCfg = Release|Any CPU
		{F99D39DE-DA43-4FC0-9500-B925BB0705D1}.Release|Any CPU.Build.0 = Release|Any CPU
		{1DEE84FF-BA25-4550-8345-9E3294F75AD8}.Debug|Any CPU.ActiveCfg = Debug|Any CPU
		{1DEE84FF-BA25-4550-8345-9E3294F75AD8}.Debug|Any CPU.Build.0 = Debug|Any CPU
		{1DEE84FF-BA25-4550-8345-9E3294F75AD8}.Release|Any CPU.ActiveCfg = Release|Any CPU
		{1DEE84FF-BA25-4550-8345-9E3294F75AD8}.Release|Any CPU.Build.0 = Release|Any CPU
		{E1ECE5F1-D7F1-42A7-922E-F5C44D022485}.Debug|Any CPU.ActiveCfg = Debug|Any CPU
		{E1ECE5F1-D7F1-42A7-922E-F5C44D022485}.Debug|Any CPU.Build.0 = Debug|Any CPU
		{E1ECE5F1-D7F1-42A7-922E-F5C44D022485}.Release|Any CPU.ActiveCfg = Release|Any CPU
		{E1ECE5F1-D7F1-42A7-922E-F5C44D022485}.Release|Any CPU.Build.0 = Release|Any CPU
		{D26DF364-8EBE-47BE-B535-B18B3435211F}.Debug|Any CPU.ActiveCfg = Debug|Any CPU
		{D26DF364-8EBE-47BE-B535-B18B3435211F}.Debug|Any CPU.Build.0 = Debug|Any CPU
		{D26DF364-8EBE-47BE-B535-B18B3435211F}.Release|Any CPU.ActiveCfg = Release|Any CPU
		{D26DF364-8EBE-47BE-B535-B18B3435211F}.Release|Any CPU.Build.0 = Release|Any CPU
		{1C84292A-3CAF-4C6D-90C4-7FEDB754AA12}.Debug|Any CPU.ActiveCfg = Debug|Any CPU
		{1C84292A-3CAF-4C6D-90C4-7FEDB754AA12}.Debug|Any CPU.Build.0 = Debug|Any CPU
		{1C84292A-3CAF-4C6D-90C4-7FEDB754AA12}.Release|Any CPU.ActiveCfg = Release|Any CPU
		{1C84292A-3CAF-4C6D-90C4-7FEDB754AA12}.Release|Any CPU.Build.0 = Release|Any CPU
		{84D505E3-0AA6-4FBE-AF94-46117CDE64C8}.Debug|Any CPU.ActiveCfg = Debug|Any CPU
		{84D505E3-0AA6-4FBE-AF94-46117CDE64C8}.Debug|Any CPU.Build.0 = Debug|Any CPU
		{84D505E3-0AA6-4FBE-AF94-46117CDE64C8}.Release|Any CPU.ActiveCfg = Release|Any CPU
		{84D505E3-0AA6-4FBE-AF94-46117CDE64C8}.Release|Any CPU.Build.0 = Release|Any CPU
		{76454490-8529-47EF-A1FA-EDF7D4A58E8F}.Debug|Any CPU.ActiveCfg = Debug|Any CPU
		{76454490-8529-47EF-A1FA-EDF7D4A58E8F}.Debug|Any CPU.Build.0 = Debug|Any CPU
		{76454490-8529-47EF-A1FA-EDF7D4A58E8F}.Release|Any CPU.ActiveCfg = Release|Any CPU
		{76454490-8529-47EF-A1FA-EDF7D4A58E8F}.Release|Any CPU.Build.0 = Release|Any CPU
		{9A3EAAAB-3758-47F5-A64A-EB66330A6D05}.Debug|Any CPU.ActiveCfg = Debug|Any CPU
		{9A3EAAAB-3758-47F5-A64A-EB66330A6D05}.Debug|Any CPU.Build.0 = Debug|Any CPU
		{9A3EAAAB-3758-47F5-A64A-EB66330A6D05}.Release|Any CPU.ActiveCfg = Release|Any CPU
		{9A3EAAAB-3758-47F5-A64A-EB66330A6D05}.Release|Any CPU.Build.0 = Release|Any CPU
		{EDC1FC8B-CD32-4FCB-938B-A000C96E32A2}.Debug|Any CPU.ActiveCfg = Debug|Any CPU
		{EDC1FC8B-CD32-4FCB-938B-A000C96E32A2}.Debug|Any CPU.Build.0 = Debug|Any CPU
		{EDC1FC8B-CD32-4FCB-938B-A000C96E32A2}.Release|Any CPU.ActiveCfg = Release|Any CPU
		{EDC1FC8B-CD32-4FCB-938B-A000C96E32A2}.Release|Any CPU.Build.0 = Release|Any CPU
		{3C346166-D938-461A-8439-C62A9839FD52}.Debug|Any CPU.ActiveCfg = Debug|Any CPU
		{3C346166-D938-461A-8439-C62A9839FD52}.Debug|Any CPU.Build.0 = Debug|Any CPU
		{3C346166-D938-461A-8439-C62A9839FD52}.Release|Any CPU.ActiveCfg = Release|Any CPU
		{3C346166-D938-461A-8439-C62A9839FD52}.Release|Any CPU.Build.0 = Release|Any CPU
		{C092778B-4711-4E9C-A77C-826F151285AD}.Debug|Any CPU.ActiveCfg = Debug|Any CPU
		{C092778B-4711-4E9C-A77C-826F151285AD}.Debug|Any CPU.Build.0 = Debug|Any CPU
		{C092778B-4711-4E9C-A77C-826F151285AD}.Release|Any CPU.ActiveCfg = Release|Any CPU
		{C092778B-4711-4E9C-A77C-826F151285AD}.Release|Any CPU.Build.0 = Release|Any CPU
		{CE2AC1DF-9CEA-406A-AC59-A00530427C34}.Debug|Any CPU.ActiveCfg = Debug|Any CPU
		{CE2AC1DF-9CEA-406A-AC59-A00530427C34}.Debug|Any CPU.Build.0 = Debug|Any CPU
		{CE2AC1DF-9CEA-406A-AC59-A00530427C34}.Release|Any CPU.ActiveCfg = Release|Any CPU
		{CE2AC1DF-9CEA-406A-AC59-A00530427C34}.Release|Any CPU.Build.0 = Release|Any CPU
		{2ADB4282-358B-42F8-8884-8457E697EF41}.Debug|Any CPU.ActiveCfg = Debug|Any CPU
		{2ADB4282-358B-42F8-8884-8457E697EF41}.Debug|Any CPU.Build.0 = Debug|Any CPU
		{2ADB4282-358B-42F8-8884-8457E697EF41}.Release|Any CPU.ActiveCfg = Release|Any CPU
		{2ADB4282-358B-42F8-8884-8457E697EF41}.Release|Any CPU.Build.0 = Release|Any CPU
		{28C95C81-A139-4CC3-819A-CE41160D7916}.Debug|Any CPU.ActiveCfg = Debug|Any CPU
		{28C95C81-A139-4CC3-819A-CE41160D7916}.Debug|Any CPU.Build.0 = Debug|Any CPU
		{28C95C81-A139-4CC3-819A-CE41160D7916}.Release|Any CPU.ActiveCfg = Release|Any CPU
		{28C95C81-A139-4CC3-819A-CE41160D7916}.Release|Any CPU.Build.0 = Release|Any CPU
		{D863D5AD-67C9-483A-A9B8-5CA9F9DBA70E}.Debug|Any CPU.ActiveCfg = Debug|Any CPU
		{D863D5AD-67C9-483A-A9B8-5CA9F9DBA70E}.Debug|Any CPU.Build.0 = Debug|Any CPU
		{D863D5AD-67C9-483A-A9B8-5CA9F9DBA70E}.Release|Any CPU.ActiveCfg = Release|Any CPU
		{D863D5AD-67C9-483A-A9B8-5CA9F9DBA70E}.Release|Any CPU.Build.0 = Release|Any CPU
		{D362F524-F2D3-48CA-B919-AADBE8A9DB80}.Debug|Any CPU.ActiveCfg = Debug|Any CPU
		{D362F524-F2D3-48CA-B919-AADBE8A9DB80}.Debug|Any CPU.Build.0 = Debug|Any CPU
		{D362F524-F2D3-48CA-B919-AADBE8A9DB80}.Release|Any CPU.ActiveCfg = Release|Any CPU
		{D362F524-F2D3-48CA-B919-AADBE8A9DB80}.Release|Any CPU.Build.0 = Release|Any CPU
		{D20EF039-827D-488B-A7BF-B52FBB1BA3CF}.Debug|Any CPU.ActiveCfg = Debug|Any CPU
		{D20EF039-827D-488B-A7BF-B52FBB1BA3CF}.Debug|Any CPU.Build.0 = Debug|Any CPU
		{D20EF039-827D-488B-A7BF-B52FBB1BA3CF}.Release|Any CPU.ActiveCfg = Release|Any CPU
		{D20EF039-827D-488B-A7BF-B52FBB1BA3CF}.Release|Any CPU.Build.0 = Release|Any CPU
		{31A68E51-3CF0-468B-8E75-D842BFA92EFE}.Debug|Any CPU.ActiveCfg = Debug|Any CPU
		{31A68E51-3CF0-468B-8E75-D842BFA92EFE}.Debug|Any CPU.Build.0 = Debug|Any CPU
		{31A68E51-3CF0-468B-8E75-D842BFA92EFE}.Release|Any CPU.ActiveCfg = Release|Any CPU
		{31A68E51-3CF0-468B-8E75-D842BFA92EFE}.Release|Any CPU.Build.0 = Release|Any CPU
		{281483D1-2ED7-4F41-BF52-397F87DB8FB4}.Debug|Any CPU.ActiveCfg = Debug|Any CPU
		{281483D1-2ED7-4F41-BF52-397F87DB8FB4}.Debug|Any CPU.Build.0 = Debug|Any CPU
		{281483D1-2ED7-4F41-BF52-397F87DB8FB4}.Release|Any CPU.ActiveCfg = Release|Any CPU
		{281483D1-2ED7-4F41-BF52-397F87DB8FB4}.Release|Any CPU.Build.0 = Release|Any CPU
		{34C6B466-80F5-4B50-9504-04A9F2E51309}.Debug|Any CPU.ActiveCfg = Debug|Any CPU
		{34C6B466-80F5-4B50-9504-04A9F2E51309}.Debug|Any CPU.Build.0 = Debug|Any CPU
		{34C6B466-80F5-4B50-9504-04A9F2E51309}.Release|Any CPU.ActiveCfg = Release|Any CPU
		{34C6B466-80F5-4B50-9504-04A9F2E51309}.Release|Any CPU.Build.0 = Release|Any CPU
		{0D037A99-1C1D-4084-A2AB-092E15DC12CA}.Debug|Any CPU.ActiveCfg = Debug|Any CPU
		{0D037A99-1C1D-4084-A2AB-092E15DC12CA}.Debug|Any CPU.Build.0 = Debug|Any CPU
		{0D037A99-1C1D-4084-A2AB-092E15DC12CA}.Release|Any CPU.ActiveCfg = Release|Any CPU
		{0D037A99-1C1D-4084-A2AB-092E15DC12CA}.Release|Any CPU.Build.0 = Release|Any CPU
		{6DF54F9E-D38A-4B33-9248-0FBD387338CD}.Debug|Any CPU.ActiveCfg = Debug|Any CPU
		{6DF54F9E-D38A-4B33-9248-0FBD387338CD}.Debug|Any CPU.Build.0 = Debug|Any CPU
		{6DF54F9E-D38A-4B33-9248-0FBD387338CD}.Release|Any CPU.ActiveCfg = Release|Any CPU
		{6DF54F9E-D38A-4B33-9248-0FBD387338CD}.Release|Any CPU.Build.0 = Release|Any CPU
		{69A2684E-7B1C-4033-B17E-776F5C941AC2}.Debug|Any CPU.ActiveCfg = Debug|Any CPU
		{69A2684E-7B1C-4033-B17E-776F5C941AC2}.Debug|Any CPU.Build.0 = Debug|Any CPU
		{69A2684E-7B1C-4033-B17E-776F5C941AC2}.Release|Any CPU.ActiveCfg = Release|Any CPU
		{69A2684E-7B1C-4033-B17E-776F5C941AC2}.Release|Any CPU.Build.0 = Release|Any CPU
		{BF4618AD-388E-4833-80F3-E1F2FD73842C}.Debug|Any CPU.ActiveCfg = Debug|Any CPU
		{BF4618AD-388E-4833-80F3-E1F2FD73842C}.Debug|Any CPU.Build.0 = Debug|Any CPU
		{BF4618AD-388E-4833-80F3-E1F2FD73842C}.Release|Any CPU.ActiveCfg = Release|Any CPU
		{BF4618AD-388E-4833-80F3-E1F2FD73842C}.Release|Any CPU.Build.0 = Release|Any CPU
		{54285ED8-0D9C-4BDB-94CA-1AA341E17C6D}.Debug|Any CPU.ActiveCfg = Debug|Any CPU
		{54285ED8-0D9C-4BDB-94CA-1AA341E17C6D}.Debug|Any CPU.Build.0 = Debug|Any CPU
		{54285ED8-0D9C-4BDB-94CA-1AA341E17C6D}.Release|Any CPU.ActiveCfg = Release|Any CPU
		{54285ED8-0D9C-4BDB-94CA-1AA341E17C6D}.Release|Any CPU.Build.0 = Release|Any CPU
		{5537C329-BA02-4A26-BD93-1EBA37EDC318}.Debug|Any CPU.ActiveCfg = Debug|Any CPU
		{5537C329-BA02-4A26-BD93-1EBA37EDC318}.Debug|Any CPU.Build.0 = Debug|Any CPU
		{5537C329-BA02-4A26-BD93-1EBA37EDC318}.Release|Any CPU.ActiveCfg = Release|Any CPU
		{5537C329-BA02-4A26-BD93-1EBA37EDC318}.Release|Any CPU.Build.0 = Release|Any CPU
		{958EA47A-EC4F-45F0-9502-59E003C355AE}.Debug|Any CPU.ActiveCfg = Debug|Any CPU
		{958EA47A-EC4F-45F0-9502-59E003C355AE}.Debug|Any CPU.Build.0 = Debug|Any CPU
		{958EA47A-EC4F-45F0-9502-59E003C355AE}.Release|Any CPU.ActiveCfg = Release|Any CPU
		{958EA47A-EC4F-45F0-9502-59E003C355AE}.Release|Any CPU.Build.0 = Release|Any CPU
		{55BE6E9E-E9CC-4CFF-A67B-0AEEBA0980B9}.Debug|Any CPU.ActiveCfg = Debug|Any CPU
		{55BE6E9E-E9CC-4CFF-A67B-0AEEBA0980B9}.Debug|Any CPU.Build.0 = Debug|Any CPU
		{55BE6E9E-E9CC-4CFF-A67B-0AEEBA0980B9}.Release|Any CPU.ActiveCfg = Release|Any CPU
		{55BE6E9E-E9CC-4CFF-A67B-0AEEBA0980B9}.Release|Any CPU.Build.0 = Release|Any CPU
	EndGlobalSection
	GlobalSection(SolutionProperties) = preSolution
		HideSolutionNode = FALSE
	EndGlobalSection
	GlobalSection(ExtensibilityGlobals) = postSolution
		SolutionGuid = {A650EAB1-39E4-44B6-8BE5-D984CF76B8B2}
	EndGlobalSection
EndGlobal
